// !$*UTF8*$!
{
	archiveVersion = 1;
	classes = {
	};
	objectVersion = 48;
	objects = {

/* Begin PBXBuildFile section */
		4D39C87F216D5BBE00DEC89A /* Counter.cpp in Sources */ = {isa = PBXBuildFile; fileRef = 4D39C87D216D5BBE00DEC89A /* Counter.cpp */; };
		4D39C880216D5BBE00DEC89A /* Counter.hpp in Headers */ = {isa = PBXBuildFile; fileRef = 4D39C87E216D5BBE00DEC89A /* Counter.hpp */; };
		4D5DCACA216D749100395ECA /* MetricRegistry.cpp in Sources */ = {isa = PBXBuildFile; fileRef = 4D5DCAC8216D749100395ECA /* MetricRegistry.cpp */; };
		4D5DCACB216D749100395ECA /* MetricRegistry.hpp in Headers */ = {isa = PBXBuildFile; fileRef = 4D5DCAC9216D749100395ECA /* MetricRegistry.hpp */; };
		4D5DCAD2216DB90500395ECA /* WavefrontReporter.cpp in Sources */ = {isa = PBXBuildFile; fileRef = 4D5DCAD0216DB90500395ECA /* WavefrontReporter.cpp */; };
		4D5DCAD3216DB90500395ECA /* WavefrontReporter.hpp in Headers */ = {isa = PBXBuildFile; fileRef = 4D5DCAD1216DB90500395ECA /* WavefrontReporter.hpp */; };
		4D5DCAD9216DCE8300395ECA /* Agent.cpp in Sources */ = {isa = PBXBuildFile; fileRef = 4D5DCAD7216DCE8300395ECA /* Agent.cpp */; };
		4D5DCADA216DCE8300395ECA /* Agent.hpp in Headers */ = {isa = PBXBuildFile; fileRef = 4D5DCAD8216DCE8300395ECA /* Agent.hpp */; };
		4D5DCADD216F27F400395ECA /* JVM.cpp in Sources */ = {isa = PBXBuildFile; fileRef = 4D5DCADB216F27F400395ECA /* JVM.cpp */; };
		4D5DCADE216F27F400395ECA /* JVM.hpp in Headers */ = {isa = PBXBuildFile; fileRef = 4D5DCADC216F27F400395ECA /* JVM.hpp */; };
		4D5DCAE1216F283A00395ECA /* AgentUtil.cpp in Sources */ = {isa = PBXBuildFile; fileRef = 4D5DCADF216F283A00395ECA /* AgentUtil.cpp */; };
		4D5DCAE2216F283A00395ECA /* AgentUtil.hpp in Headers */ = {isa = PBXBuildFile; fileRef = 4D5DCAE0216F283A00395ECA /* AgentUtil.hpp */; };
/* End PBXBuildFile section */

/* Begin PBXFileReference section */
		4D39C875216D57FF00DEC89A /* libagent.dylib */ = {isa = PBXFileReference; explicitFileType = "compiled.mach-o.dylib"; includeInIndex = 0; path = libagent.dylib; sourceTree = BUILT_PRODUCTS_DIR; };
		4D39C87D216D5BBE00DEC89A /* Counter.cpp */ = {isa = PBXFileReference; lastKnownFileType = sourcecode.cpp.cpp; path = Counter.cpp; sourceTree = "<group>"; };
		4D39C87E216D5BBE00DEC89A /* Counter.hpp */ = {isa = PBXFileReference; lastKnownFileType = sourcecode.cpp.h; path = Counter.hpp; sourceTree = "<group>"; };
		4D5DCAC8216D749100395ECA /* MetricRegistry.cpp */ = {isa = PBXFileReference; lastKnownFileType = sourcecode.cpp.cpp; path = MetricRegistry.cpp; sourceTree = "<group>"; };
		4D5DCAC9216D749100395ECA /* MetricRegistry.hpp */ = {isa = PBXFileReference; lastKnownFileType = sourcecode.cpp.h; path = MetricRegistry.hpp; sourceTree = "<group>"; };
		4D5DCAD0216DB90500395ECA /* WavefrontReporter.cpp */ = {isa = PBXFileReference; lastKnownFileType = sourcecode.cpp.cpp; path = WavefrontReporter.cpp; sourceTree = "<group>"; };
		4D5DCAD1216DB90500395ECA /* WavefrontReporter.hpp */ = {isa = PBXFileReference; lastKnownFileType = sourcecode.cpp.h; path = WavefrontReporter.hpp; sourceTree = "<group>"; };
		4D5DCAD7216DCE8300395ECA /* Agent.cpp */ = {isa = PBXFileReference; lastKnownFileType = sourcecode.cpp.cpp; path = Agent.cpp; sourceTree = "<group>"; };
		4D5DCAD8216DCE8300395ECA /* Agent.hpp */ = {isa = PBXFileReference; lastKnownFileType = sourcecode.cpp.h; path = Agent.hpp; sourceTree = "<group>"; };
		4D5DCADB216F27F400395ECA /* JVM.cpp */ = {isa = PBXFileReference; lastKnownFileType = sourcecode.cpp.cpp; path = JVM.cpp; sourceTree = "<group>"; };
		4D5DCADC216F27F400395ECA /* JVM.hpp */ = {isa = PBXFileReference; lastKnownFileType = sourcecode.cpp.h; path = JVM.hpp; sourceTree = "<group>"; };
		4D5DCADF216F283A00395ECA /* AgentUtil.cpp */ = {isa = PBXFileReference; lastKnownFileType = sourcecode.cpp.cpp; path = AgentUtil.cpp; sourceTree = "<group>"; };
		4D5DCAE0216F283A00395ECA /* AgentUtil.hpp */ = {isa = PBXFileReference; lastKnownFileType = sourcecode.cpp.h; path = AgentUtil.hpp; sourceTree = "<group>"; };
/* End PBXFileReference section */

/* Begin PBXFrameworksBuildPhase section */
		4D39C872216D57FF00DEC89A /* Frameworks */ = {
			isa = PBXFrameworksBuildPhase;
			buildActionMask = 2147483647;
			files = (
			);
			runOnlyForDeploymentPostprocessing = 0;
		};
/* End PBXFrameworksBuildPhase section */

/* Begin PBXGroup section */
		4D39C86C216D57FF00DEC89A = {
			isa = PBXGroup;
			children = (
				4D39C87C216D5B9F00DEC89A /* sources */,
				4D39C876216D57FF00DEC89A /* Products */,
			);
			sourceTree = "<group>";
		};
		4D39C876216D57FF00DEC89A /* Products */ = {
			isa = PBXGroup;
			children = (
				4D39C875216D57FF00DEC89A /* libagent.dylib */,
			);
			name = Products;
			sourceTree = "<group>";
		};
		4D39C87C216D5B9F00DEC89A /* sources */ = {
			isa = PBXGroup;
			children = (
				4D5DCAD7216DCE8300395ECA /* Agent.cpp */,
				4D5DCAD8216DCE8300395ECA /* Agent.hpp */,
				4D5DCADF216F283A00395ECA /* AgentUtil.cpp */,
				4D5DCAE0216F283A00395ECA /* AgentUtil.hpp */,
				4D39C87D216D5BBE00DEC89A /* Counter.cpp */,
				4D39C87E216D5BBE00DEC89A /* Counter.hpp */,
				4D5DCADB216F27F400395ECA /* JVM.cpp */,
				4D5DCADC216F27F400395ECA /* JVM.hpp */,
				4D5DCAC8216D749100395ECA /* MetricRegistry.cpp */,
				4D5DCAC9216D749100395ECA /* MetricRegistry.hpp */,
				4D5DCAD0216DB90500395ECA /* WavefrontReporter.cpp */,
				4D5DCAD1216DB90500395ECA /* WavefrontReporter.hpp */,
			);
			path = sources;
			sourceTree = "<group>";
		};
/* End PBXGroup section */

/* Begin PBXHeadersBuildPhase section */
		4D39C873216D57FF00DEC89A /* Headers */ = {
			isa = PBXHeadersBuildPhase;
			buildActionMask = 2147483647;
			files = (
				4D5DCAE2216F283A00395ECA /* AgentUtil.hpp in Headers */,
				4D5DCADE216F27F400395ECA /* JVM.hpp in Headers */,
				4D39C880216D5BBE00DEC89A /* Counter.hpp in Headers */,
				4D5DCACB216D749100395ECA /* MetricRegistry.hpp in Headers */,
				4D5DCADA216DCE8300395ECA /* Agent.hpp in Headers */,
				4D5DCAD3216DB90500395ECA /* WavefrontReporter.hpp in Headers */,
			);
			runOnlyForDeploymentPostprocessing = 0;
		};
/* End PBXHeadersBuildPhase section */

/* Begin PBXNativeTarget section */
		4D39C874216D57FF00DEC89A /* agent */ = {
			isa = PBXNativeTarget;
			buildConfigurationList = 4D39C879216D57FF00DEC89A /* Build configuration list for PBXNativeTarget "agent" */;
			buildPhases = (
				4D39C871216D57FF00DEC89A /* Sources */,
				4D39C872216D57FF00DEC89A /* Frameworks */,
				4D39C873216D57FF00DEC89A /* Headers */,
			);
			buildRules = (
			);
			dependencies = (
			);
			name = agent;
			productName = agent;
			productReference = 4D39C875216D57FF00DEC89A /* libagent.dylib */;
			productType = "com.apple.product-type.library.dynamic";
		};
/* End PBXNativeTarget section */

/* Begin PBXProject section */
		4D39C86D216D57FF00DEC89A /* Project object */ = {
			isa = PBXProject;
			attributes = {
				LastUpgradeCheck = 0900;
				ORGANIZATIONNAME = "Suresh Rengasamy";
				TargetAttributes = {
					4D39C874216D57FF00DEC89A = {
						CreatedOnToolsVersion = 9.0;
						ProvisioningStyle = Automatic;
					};
				};
			};
			buildConfigurationList = 4D39C870216D57FF00DEC89A /* Build configuration list for PBXProject "agent" */;
			compatibilityVersion = "Xcode 8.0";
			developmentRegion = en;
			hasScannedForEncodings = 0;
			knownRegions = (
				en,
			);
			mainGroup = 4D39C86C216D57FF00DEC89A;
			productRefGroup = 4D39C876216D57FF00DEC89A /* Products */;
			projectDirPath = "";
			projectRoot = "";
			targets = (
				4D39C874216D57FF00DEC89A /* agent */,
			);
		};
/* End PBXProject section */

/* Begin PBXSourcesBuildPhase section */
		4D39C871216D57FF00DEC89A /* Sources */ = {
			isa = PBXSourcesBuildPhase;
			buildActionMask = 2147483647;
			files = (
				4D5DCADD216F27F400395ECA /* JVM.cpp in Sources */,
				4D5DCACA216D749100395ECA /* MetricRegistry.cpp in Sources */,
				4D5DCAD9216DCE8300395ECA /* Agent.cpp in Sources */,
				4D5DCAE1216F283A00395ECA /* AgentUtil.cpp in Sources */,
				4D39C87F216D5BBE00DEC89A /* Counter.cpp in Sources */,
				4D5DCAD2216DB90500395ECA /* WavefrontReporter.cpp in Sources */,
			);
			runOnlyForDeploymentPostprocessing = 0;
		};
/* End PBXSourcesBuildPhase section */

/* Begin XCBuildConfiguration section */
		4D39C877216D57FF00DEC89A /* Debug */ = {
			isa = XCBuildConfiguration;
			buildSettings = {
				ALWAYS_SEARCH_USER_PATHS = NO;
				CLANG_ANALYZER_NONNULL = YES;
				CLANG_ANALYZER_NUMBER_OBJECT_CONVERSION = YES_AGGRESSIVE;
				CLANG_CXX_LANGUAGE_STANDARD = "gnu++14";
				CLANG_CXX_LIBRARY = "libc++";
				CLANG_ENABLE_MODULES = YES;
				CLANG_ENABLE_OBJC_ARC = YES;
				CLANG_WARN_BLOCK_CAPTURE_AUTORELEASING = YES;
				CLANG_WARN_BOOL_CONVERSION = YES;
				CLANG_WARN_COMMA = YES;
				CLANG_WARN_CONSTANT_CONVERSION = YES;
				CLANG_WARN_DIRECT_OBJC_ISA_USAGE = YES_ERROR;
				CLANG_WARN_DOCUMENTATION_COMMENTS = YES;
				CLANG_WARN_EMPTY_BODY = YES;
				CLANG_WARN_ENUM_CONVERSION = YES;
				CLANG_WARN_INFINITE_RECURSION = YES;
				CLANG_WARN_INT_CONVERSION = YES;
				CLANG_WARN_NON_LITERAL_NULL_CONVERSION = YES;
				CLANG_WARN_OBJC_LITERAL_CONVERSION = YES;
				CLANG_WARN_OBJC_ROOT_CLASS = YES_ERROR;
				CLANG_WARN_RANGE_LOOP_ANALYSIS = YES;
				CLANG_WARN_STRICT_PROTOTYPES = YES;
				CLANG_WARN_SUSPICIOUS_MOVE = YES;
				CLANG_WARN_UNGUARDED_AVAILABILITY = YES_AGGRESSIVE;
				CLANG_WARN_UNREACHABLE_CODE = YES;
				CLANG_WARN__DUPLICATE_METHOD_MATCH = YES;
				CODE_SIGN_IDENTITY = "-";
				COPY_PHASE_STRIP = NO;
				DEBUG_INFORMATION_FORMAT = dwarf;
				ENABLE_STRICT_OBJC_MSGSEND = YES;
				ENABLE_TESTABILITY = YES;
				GCC_C_LANGUAGE_STANDARD = gnu11;
				GCC_DYNAMIC_NO_PIC = NO;
				GCC_NO_COMMON_BLOCKS = YES;
				GCC_OPTIMIZATION_LEVEL = 0;
				GCC_PREPROCESSOR_DEFINITIONS = (
					"DEBUG=1",
					"$(inherited)",
				);
				GCC_WARN_64_TO_32_BIT_CONVERSION = YES;
				GCC_WARN_ABOUT_RETURN_TYPE = YES_ERROR;
				GCC_WARN_UNDECLARED_SELECTOR = YES;
				GCC_WARN_UNINITIALIZED_AUTOS = YES_AGGRESSIVE;
				GCC_WARN_UNUSED_FUNCTION = YES;
				GCC_WARN_UNUSED_VARIABLE = YES;
				MACOSX_DEPLOYMENT_TARGET = 10.12;
				MTL_ENABLE_DEBUG_INFO = YES;
				ONLY_ACTIVE_ARCH = YES;
				SDKROOT = macosx;
			};
			name = Debug;
		};
		4D39C878216D57FF00DEC89A /* Release */ = {
			isa = XCBuildConfiguration;
			buildSettings = {
				ALWAYS_SEARCH_USER_PATHS = NO;
				CLANG_ANALYZER_NONNULL = YES;
				CLANG_ANALYZER_NUMBER_OBJECT_CONVERSION = YES_AGGRESSIVE;
				CLANG_CXX_LANGUAGE_STANDARD = "gnu++14";
				CLANG_CXX_LIBRARY = "libc++";
				CLANG_ENABLE_MODULES = YES;
				CLANG_ENABLE_OBJC_ARC = YES;
				CLANG_WARN_BLOCK_CAPTURE_AUTORELEASING = YES;
				CLANG_WARN_BOOL_CONVERSION = YES;
				CLANG_WARN_COMMA = YES;
				CLANG_WARN_CONSTANT_CONVERSION = YES;
				CLANG_WARN_DIRECT_OBJC_ISA_USAGE = YES_ERROR;
				CLANG_WARN_DOCUMENTATION_COMMENTS = YES;
				CLANG_WARN_EMPTY_BODY = YES;
				CLANG_WARN_ENUM_CONVERSION = YES;
				CLANG_WARN_INFINITE_RECURSION = YES;
				CLANG_WARN_INT_CONVERSION = YES;
				CLANG_WARN_NON_LITERAL_NULL_CONVERSION = YES;
				CLANG_WARN_OBJC_LITERAL_CONVERSION = YES;
				CLANG_WARN_OBJC_ROOT_CLASS = YES_ERROR;
				CLANG_WARN_RANGE_LOOP_ANALYSIS = YES;
				CLANG_WARN_STRICT_PROTOTYPES = YES;
				CLANG_WARN_SUSPICIOUS_MOVE = YES;
				CLANG_WARN_UNGUARDED_AVAILABILITY = YES_AGGRESSIVE;
				CLANG_WARN_UNREACHABLE_CODE = YES;
				CLANG_WARN__DUPLICATE_METHOD_MATCH = YES;
				CODE_SIGN_IDENTITY = "-";
				COPY_PHASE_STRIP = NO;
				DEBUG_INFORMATION_FORMAT = "dwarf-with-dsym";
				ENABLE_NS_ASSERTIONS = NO;
				ENABLE_STRICT_OBJC_MSGSEND = YES;
				GCC_C_LANGUAGE_STANDARD = gnu11;
				GCC_NO_COMMON_BLOCKS = YES;
				GCC_WARN_64_TO_32_BIT_CONVERSION = YES;
				GCC_WARN_ABOUT_RETURN_TYPE = YES_ERROR;
				GCC_WARN_UNDECLARED_SELECTOR = YES;
				GCC_WARN_UNINITIALIZED_AUTOS = YES_AGGRESSIVE;
				GCC_WARN_UNUSED_FUNCTION = YES;
				GCC_WARN_UNUSED_VARIABLE = YES;
				MACOSX_DEPLOYMENT_TARGET = 10.12;
				MTL_ENABLE_DEBUG_INFO = NO;
				SDKROOT = macosx;
			};
			name = Release;
		};
		4D39C87A216D57FF00DEC89A /* Debug */ = {
			isa = XCBuildConfiguration;
			buildSettings = {
				CODE_SIGN_STYLE = Automatic;
				DYLIB_COMPATIBILITY_VERSION = 1;
				DYLIB_CURRENT_VERSION = 1;
				EXECUTABLE_PREFIX = lib;
				HEADER_SEARCH_PATHS = (
					/Library/Java/JavaVirtualMachines/jdk1.8.0_161.jdk/Contents/Home/include,
					/Library/Java/JavaVirtualMachines/jdk1.8.0_161.jdk/Contents/Home/include/darwin,
					/Users/srengasamy/Scheduler,
					/Users/srengasamy/CTPL,
				);
				PRODUCT_NAME = "$(TARGET_NAME)";
			};
			name = Debug;
		};
		4D39C87B216D57FF00DEC89A /* Release */ = {
			isa = XCBuildConfiguration;
			buildSettings = {
				CODE_SIGN_STYLE = Automatic;
				DYLIB_COMPATIBILITY_VERSION = 1;
				DYLIB_CURRENT_VERSION = 1;
				EXECUTABLE_PREFIX = lib;
				HEADER_SEARCH_PATHS = (
					/Library/Java/JavaVirtualMachines/jdk1.8.0_161.jdk/Contents/Home/include,
					/Library/Java/JavaVirtualMachines/jdk1.8.0_161.jdk/Contents/Home/include/darwin,
					/Users/srengasamy/Scheduler,
					/Users/srengasamy/CTPL,
				);
				PRODUCT_NAME = "$(TARGET_NAME)";
			};
			name = Release;
		};
/* End XCBuildConfiguration section */

/* Begin XCConfigurationList section */
		4D39C870216D57FF00DEC89A /* Build configuration list for PBXProject "agent" */ = {
			isa = XCConfigurationList;
			buildConfigurations = (
				4D39C877216D57FF00DEC89A /* Debug */,
				4D39C878216D57FF00DEC89A /* Release */,
			);
			defaultConfigurationIsVisible = 0;
			defaultConfigurationName = Release;
		};
		4D39C879216D57FF00DEC89A /* Build configuration list for PBXNativeTarget "agent" */ = {
			isa = XCConfigurationList;
			buildConfigurations = (
				4D39C87A216D57FF00DEC89A /* Debug */,
				4D39C87B216D57FF00DEC89A /* Release */,
			);
			defaultConfigurationIsVisible = 0;
			defaultConfigurationName = Release;
		};
/* End XCConfigurationList section */
	};
	rootObject = 4D39C86D216D57FF00DEC89A /* Project object */;
}
